// !$*UTF8*$!
{
	archiveVersion = 1;
	classes = {
	};
	objectVersion = 56;
	objects = {

/* Begin PBXBuildFile section */
		084E3D97291BBA5300EC243D /* TextInputViewController.swift in Sources */ = {isa = PBXBuildFile; fileRef = 084E3D96291BBA5300EC243D /* TextInputViewController.swift */; };
		087A46902924337D00B5838A /* TextFieldsUnitTests.swift in Sources */ = {isa = PBXBuildFile; fileRef = 087A468F2924337D00B5838A /* TextFieldsUnitTests.swift */; };
		087A469D2924347B00B5838A /* TextFieldsUITests.swift in Sources */ = {isa = PBXBuildFile; fileRef = 087A469C2924347B00B5838A /* TextFieldsUITests.swift */; };
		08AB5AFD290FFE8800F776FB /* SingleTextFieldViewController.swift in Sources */ = {isa = PBXBuildFile; fileRef = 08AB5AFC290FFE8800F776FB /* SingleTextFieldViewController.swift */; };
		08D8ABFC290F0E6300740499 /* AllTextFieldsViewController.swift in Sources */ = {isa = PBXBuildFile; fileRef = 08D8ABFB290F0E6300740499 /* AllTextFieldsViewController.swift */; };
		08D8ABFE290F108600740499 /* NoDigitsView.swift in Sources */ = {isa = PBXBuildFile; fileRef = 08D8ABFD290F108600740499 /* NoDigitsView.swift */; };
		08D8AC00290F10BA00740499 /* NoDigitsViewModel.swift in Sources */ = {isa = PBXBuildFile; fileRef = 08D8ABFF290F10BA00740499 /* NoDigitsViewModel.swift */; };
		08D8AC08290F245400740499 /* InputLimitView.swift in Sources */ = {isa = PBXBuildFile; fileRef = 08D8AC07290F245400740499 /* InputLimitView.swift */; };
		08D8AC0A290F246000740499 /* InputLimitViewModel.swift in Sources */ = {isa = PBXBuildFile; fileRef = 08D8AC09290F246000740499 /* InputLimitViewModel.swift */; };
		08D8AC0D290F2D0B00740499 /* OnlyCharactersView.swift in Sources */ = {isa = PBXBuildFile; fileRef = 08D8AC0C290F2D0B00740499 /* OnlyCharactersView.swift */; };
		08D8AC0F290F2D1400740499 /* OnlyCharactersViewModel.swift in Sources */ = {isa = PBXBuildFile; fileRef = 08D8AC0E290F2D1400740499 /* OnlyCharactersViewModel.swift */; };
		08D8AC14290FCE6300740499 /* LinkView.swift in Sources */ = {isa = PBXBuildFile; fileRef = 08D8AC13290FCE6300740499 /* LinkView.swift */; };
		08D8AC16290FCE6A00740499 /* LinkViewModel.swift in Sources */ = {isa = PBXBuildFile; fileRef = 08D8AC15290FCE6A00740499 /* LinkViewModel.swift */; };
		08D8AC19290FD4D600740499 /* ValidationRulesView.swift in Sources */ = {isa = PBXBuildFile; fileRef = 08D8AC18290FD4D600740499 /* ValidationRulesView.swift */; };
		08D8AC1B290FD4DE00740499 /* ValidationRulesViewModel.swift in Sources */ = {isa = PBXBuildFile; fileRef = 08D8AC1A290FD4DE00740499 /* ValidationRulesViewModel.swift */; };
		08D8AC1F290FF30B00740499 /* TabBarController.swift in Sources */ = {isa = PBXBuildFile; fileRef = 08D8AC1E290FF30B00740499 /* TabBarController.swift */; };
		08DB050E29071F7400F212E2 /* AppDelegate.swift in Sources */ = {isa = PBXBuildFile; fileRef = 08DB050D29071F7400F212E2 /* AppDelegate.swift */; };
		08DB051729071F7500F212E2 /* Assets.xcassets in Resources */ = {isa = PBXBuildFile; fileRef = 08DB051629071F7500F212E2 /* Assets.xcassets */; };
		08DB051A29071F7500F212E2 /* LaunchScreen.storyboard in Resources */ = {isa = PBXBuildFile; fileRef = 08DB051829071F7500F212E2 /* LaunchScreen.storyboard */; };
		08E8422A2907278600A09645 /* UIView.swift in Sources */ = {isa = PBXBuildFile; fileRef = 08E842292907278600A09645 /* UIView.swift */; };
		08E8422C2907297C00A09645 /* TextFieldSectionView.swift in Sources */ = {isa = PBXBuildFile; fileRef = 08E8422B2907297C00A09645 /* TextFieldSectionView.swift */; };
		08E8422E2907329900A09645 /* PlaceholderTextField.swift in Sources */ = {isa = PBXBuildFile; fileRef = 08E8422D2907329900A09645 /* PlaceholderTextField.swift */; };
/* End PBXBuildFile section */

/* Begin PBXContainerItemProxy section */
		087A46912924337D00B5838A /* PBXContainerItemProxy */ = {
			isa = PBXContainerItemProxy;
			containerPortal = 08DB050229071F7400F212E2 /* Project object */;
			proxyType = 1;
			remoteGlobalIDString = 08DB050929071F7400F212E2;
			remoteInfo = TextFields;
		};
		087A46A02924347B00B5838A /* PBXContainerItemProxy */ = {
			isa = PBXContainerItemProxy;
			containerPortal = 08DB050229071F7400F212E2 /* Project object */;
			proxyType = 1;
			remoteGlobalIDString = 08DB050929071F7400F212E2;
			remoteInfo = TextFields;
		};
/* End PBXContainerItemProxy section */

/* Begin PBXFileReference section */
		084E3D96291BBA5300EC243D /* TextInputViewController.swift */ = {isa = PBXFileReference; lastKnownFileType = sourcecode.swift; path = TextInputViewController.swift; sourceTree = "<group>"; };
		087A468D2924337D00B5838A /* TextFieldsUnitTests.xctest */ = {isa = PBXFileReference; explicitFileType = wrapper.cfbundle; includeInIndex = 0; path = TextFieldsUnitTests.xctest; sourceTree = BUILT_PRODUCTS_DIR; };
		087A468F2924337D00B5838A /* TextFieldsUnitTests.swift */ = {isa = PBXFileReference; lastKnownFileType = sourcecode.swift; path = TextFieldsUnitTests.swift; sourceTree = "<group>"; };
		087A469A2924347B00B5838A /* TextFieldsUITests.xctest */ = {isa = PBXFileReference; explicitFileType = wrapper.cfbundle; includeInIndex = 0; path = TextFieldsUITests.xctest; sourceTree = BUILT_PRODUCTS_DIR; };
		087A469C2924347B00B5838A /* TextFieldsUITests.swift */ = {isa = PBXFileReference; lastKnownFileType = sourcecode.swift; path = TextFieldsUITests.swift; sourceTree = "<group>"; };
		08AB5AFC290FFE8800F776FB /* SingleTextFieldViewController.swift */ = {isa = PBXFileReference; lastKnownFileType = sourcecode.swift; path = SingleTextFieldViewController.swift; sourceTree = "<group>"; };
		08D8ABFB290F0E6300740499 /* AllTextFieldsViewController.swift */ = {isa = PBXFileReference; lastKnownFileType = sourcecode.swift; path = AllTextFieldsViewController.swift; sourceTree = "<group>"; };
		08D8ABFD290F108600740499 /* NoDigitsView.swift */ = {isa = PBXFileReference; lastKnownFileType = sourcecode.swift; path = NoDigitsView.swift; sourceTree = "<group>"; };
		08D8ABFF290F10BA00740499 /* NoDigitsViewModel.swift */ = {isa = PBXFileReference; lastKnownFileType = sourcecode.swift; path = NoDigitsViewModel.swift; sourceTree = "<group>"; };
		08D8AC07290F245400740499 /* InputLimitView.swift */ = {isa = PBXFileReference; lastKnownFileType = sourcecode.swift; path = InputLimitView.swift; sourceTree = "<group>"; };
		08D8AC09290F246000740499 /* InputLimitViewModel.swift */ = {isa = PBXFileReference; lastKnownFileType = sourcecode.swift; path = InputLimitViewModel.swift; sourceTree = "<group>"; };
		08D8AC0C290F2D0B00740499 /* OnlyCharactersView.swift */ = {isa = PBXFileReference; lastKnownFileType = sourcecode.swift; path = OnlyCharactersView.swift; sourceTree = "<group>"; };
		08D8AC0E290F2D1400740499 /* OnlyCharactersViewModel.swift */ = {isa = PBXFileReference; lastKnownFileType = sourcecode.swift; path = OnlyCharactersViewModel.swift; sourceTree = "<group>"; };
		08D8AC13290FCE6300740499 /* LinkView.swift */ = {isa = PBXFileReference; lastKnownFileType = sourcecode.swift; path = LinkView.swift; sourceTree = "<group>"; };
		08D8AC15290FCE6A00740499 /* LinkViewModel.swift */ = {isa = PBXFileReference; lastKnownFileType = sourcecode.swift; path = LinkViewModel.swift; sourceTree = "<group>"; };
		08D8AC18290FD4D600740499 /* ValidationRulesView.swift */ = {isa = PBXFileReference; lastKnownFileType = sourcecode.swift; path = ValidationRulesView.swift; sourceTree = "<group>"; };
		08D8AC1A290FD4DE00740499 /* ValidationRulesViewModel.swift */ = {isa = PBXFileReference; lastKnownFileType = sourcecode.swift; path = ValidationRulesViewModel.swift; sourceTree = "<group>"; };
		08D8AC1E290FF30B00740499 /* TabBarController.swift */ = {isa = PBXFileReference; lastKnownFileType = sourcecode.swift; path = TabBarController.swift; sourceTree = "<group>"; };
		08DB050A29071F7400F212E2 /* TextFields.app */ = {isa = PBXFileReference; explicitFileType = wrapper.application; includeInIndex = 0; path = TextFields.app; sourceTree = BUILT_PRODUCTS_DIR; };
		08DB050D29071F7400F212E2 /* AppDelegate.swift */ = {isa = PBXFileReference; lastKnownFileType = sourcecode.swift; path = AppDelegate.swift; sourceTree = "<group>"; };
		08DB051629071F7500F212E2 /* Assets.xcassets */ = {isa = PBXFileReference; lastKnownFileType = folder.assetcatalog; path = Assets.xcassets; sourceTree = "<group>"; };
		08DB051929071F7500F212E2 /* Base */ = {isa = PBXFileReference; lastKnownFileType = file.storyboard; name = Base; path = Base.lproj/LaunchScreen.storyboard; sourceTree = "<group>"; };
		08DB051B29071F7600F212E2 /* Info.plist */ = {isa = PBXFileReference; lastKnownFileType = text.plist.xml; path = Info.plist; sourceTree = "<group>"; };
		08E842292907278600A09645 /* UIView.swift */ = {isa = PBXFileReference; lastKnownFileType = sourcecode.swift; path = UIView.swift; sourceTree = "<group>"; };
		08E8422B2907297C00A09645 /* TextFieldSectionView.swift */ = {isa = PBXFileReference; lastKnownFileType = sourcecode.swift; path = TextFieldSectionView.swift; sourceTree = "<group>"; };
		08E8422D2907329900A09645 /* PlaceholderTextField.swift */ = {isa = PBXFileReference; lastKnownFileType = sourcecode.swift; path = PlaceholderTextField.swift; sourceTree = "<group>"; };
/* End PBXFileReference section */

/* Begin PBXFrameworksBuildPhase section */
		087A468A2924337D00B5838A /* Frameworks */ = {
			isa = PBXFrameworksBuildPhase;
			buildActionMask = 2147483647;
			files = (
			);
			runOnlyForDeploymentPostprocessing = 0;
		};
		087A46972924347B00B5838A /* Frameworks */ = {
			isa = PBXFrameworksBuildPhase;
			buildActionMask = 2147483647;
			files = (
			);
			runOnlyForDeploymentPostprocessing = 0;
		};
		08DB050729071F7400F212E2 /* Frameworks */ = {
			isa = PBXFrameworksBuildPhase;
			buildActionMask = 2147483647;
			files = (
			);
			runOnlyForDeploymentPostprocessing = 0;
		};
/* End PBXFrameworksBuildPhase section */

/* Begin PBXGroup section */
		084E3D95291BBA3000EC243D /* Extentions */ = {
			isa = PBXGroup;
			children = (
				08E842292907278600A09645 /* UIView.swift */,
			);
			path = Extentions;
			sourceTree = "<group>";
		};
		084E3D98291BCAC000EC243D /* Controllers */ = {
			isa = PBXGroup;
			children = (
				08D8ABFB290F0E6300740499 /* AllTextFieldsViewController.swift */,
				08AB5AFC290FFE8800F776FB /* SingleTextFieldViewController.swift */,
				08D8AC1E290FF30B00740499 /* TabBarController.swift */,
			);
			name = Controllers;
			sourceTree = "<group>";
		};
		087A468E2924337D00B5838A /* TextFieldsUnitTests */ = {
			isa = PBXGroup;
			children = (
				087A468F2924337D00B5838A /* TextFieldsUnitTests.swift */,
			);
			path = TextFieldsUnitTests;
			sourceTree = "<group>";
		};
		087A469B2924347B00B5838A /* TextFieldsUITests */ = {
			isa = PBXGroup;
			children = (
				087A469C2924347B00B5838A /* TextFieldsUITests.swift */,
			);
			path = TextFieldsUITests;
			sourceTree = "<group>";
		};
		08D8AC01290F194D00740499 /* NoDigitsView */ = {
			isa = PBXGroup;
			children = (
				08D8ABFD290F108600740499 /* NoDigitsView.swift */,
				08D8ABFF290F10BA00740499 /* NoDigitsViewModel.swift */,
			);
			name = NoDigitsView;
			sourceTree = "<group>";
		};
		08D8AC0B290F246500740499 /* InputLimitView */ = {
			isa = PBXGroup;
			children = (
				08D8AC07290F245400740499 /* InputLimitView.swift */,
				08D8AC09290F246000740499 /* InputLimitViewModel.swift */,
			);
			name = InputLimitView;
			sourceTree = "<group>";
		};
		08D8AC11290F2D2400740499 /* OnlyCharactersView */ = {
			isa = PBXGroup;
			children = (
				08D8AC0C290F2D0B00740499 /* OnlyCharactersView.swift */,
				08D8AC0E290F2D1400740499 /* OnlyCharactersViewModel.swift */,
			);
			name = OnlyCharactersView;
			sourceTree = "<group>";
		};
		08D8AC12290FCE4400740499 /* LinkView */ = {
			isa = PBXGroup;
			children = (
				08D8AC13290FCE6300740499 /* LinkView.swift */,
				08D8AC15290FCE6A00740499 /* LinkViewModel.swift */,
			);
			path = LinkView;
			sourceTree = "<group>";
		};
		08D8AC17290FD4A800740499 /* ValidationRulesView */ = {
			isa = PBXGroup;
			children = (
				08D8AC18290FD4D600740499 /* ValidationRulesView.swift */,
				08D8AC1A290FD4DE00740499 /* ValidationRulesViewModel.swift */,
			);
			path = ValidationRulesView;
			sourceTree = "<group>";
		};
		08D8AC1D290FF1C700740499 /* CustomElements */ = {
			isa = PBXGroup;
			children = (
				084E3D96291BBA5300EC243D /* TextInputViewController.swift */,
				08E8422B2907297C00A09645 /* TextFieldSectionView.swift */,
				08E8422D2907329900A09645 /* PlaceholderTextField.swift */,
			);
			name = CustomElements;
			sourceTree = "<group>";
		};
		08DB050129071F7400F212E2 = {
			isa = PBXGroup;
			children = (
				08DB050C29071F7400F212E2 /* TextFields */,
				087A468E2924337D00B5838A /* TextFieldsUnitTests */,
				087A469B2924347B00B5838A /* TextFieldsUITests */,
				08DB050B29071F7400F212E2 /* Products */,
			);
			sourceTree = "<group>";
		};
		08DB050B29071F7400F212E2 /* Products */ = {
			isa = PBXGroup;
			children = (
				08DB050A29071F7400F212E2 /* TextFields.app */,
				087A468D2924337D00B5838A /* TextFieldsUnitTests.xctest */,
				087A469A2924347B00B5838A /* TextFieldsUITests.xctest */,
			);
			name = Products;
			sourceTree = "<group>";
		};
		08DB050C29071F7400F212E2 /* TextFields */ = {
			isa = PBXGroup;
			children = (
				08DB050D29071F7400F212E2 /* AppDelegate.swift */,
				084E3D98291BCAC000EC243D /* Controllers */,
				08D8AC1D290FF1C700740499 /* CustomElements */,
				08D8AC01290F194D00740499 /* NoDigitsView */,
				08D8AC0B290F246500740499 /* InputLimitView */,
				08D8AC11290F2D2400740499 /* OnlyCharactersView */,
				08D8AC12290FCE4400740499 /* LinkView */,
				08D8AC17290FD4A800740499 /* ValidationRulesView */,
				084E3D95291BBA3000EC243D /* Extentions */,
				08E842282907240E00A09645 /* Files */,
			);
			path = TextFields;
			sourceTree = "<group>";
		};
		08E842282907240E00A09645 /* Files */ = {
			isa = PBXGroup;
			children = (
				08DB051629071F7500F212E2 /* Assets.xcassets */,
				08DB051829071F7500F212E2 /* LaunchScreen.storyboard */,
				08DB051B29071F7600F212E2 /* Info.plist */,
			);
			name = Files;
			sourceTree = "<group>";
		};
/* End PBXGroup section */

/* Begin PBXNativeTarget section */
		087A468C2924337D00B5838A /* TextFieldsUnitTests */ = {
			isa = PBXNativeTarget;
			buildConfigurationList = 087A46952924337D00B5838A /* Build configuration list for PBXNativeTarget "TextFieldsUnitTests" */;
			buildPhases = (
				087A46892924337D00B5838A /* Sources */,
				087A468A2924337D00B5838A /* Frameworks */,
				087A468B2924337D00B5838A /* Resources */,
			);
			buildRules = (
			);
			dependencies = (
				087A46922924337D00B5838A /* PBXTargetDependency */,
			);
			name = TextFieldsUnitTests;
			productName = TextFieldsUnitTests;
			productReference = 087A468D2924337D00B5838A /* TextFieldsUnitTests.xctest */;
			productType = "com.apple.product-type.bundle.unit-test";
		};
		087A46992924347B00B5838A /* TextFieldsUITests */ = {
			isa = PBXNativeTarget;
			buildConfigurationList = 087A46A22924347B00B5838A /* Build configuration list for PBXNativeTarget "TextFieldsUITests" */;
			buildPhases = (
				087A46962924347B00B5838A /* Sources */,
				087A46972924347B00B5838A /* Frameworks */,
				087A46982924347B00B5838A /* Resources */,
			);
			buildRules = (
			);
			dependencies = (
				087A46A12924347B00B5838A /* PBXTargetDependency */,
			);
			name = TextFieldsUITests;
			productName = TextFieldsUITests;
			productReference = 087A469A2924347B00B5838A /* TextFieldsUITests.xctest */;
			productType = "com.apple.product-type.bundle.ui-testing";
		};
		08DB050929071F7400F212E2 /* TextFields */ = {
			isa = PBXNativeTarget;
			buildConfigurationList = 08DB051E29071F7600F212E2 /* Build configuration list for PBXNativeTarget "TextFields" */;
			buildPhases = (
				08DB050629071F7400F212E2 /* Sources */,
				08DB050729071F7400F212E2 /* Frameworks */,
				08DB050829071F7400F212E2 /* Resources */,
			);
			buildRules = (
			);
			dependencies = (
			);
			name = TextFields;
			productName = TextFields;
			productReference = 08DB050A29071F7400F212E2 /* TextFields.app */;
			productType = "com.apple.product-type.application";
		};
/* End PBXNativeTarget section */

/* Begin PBXProject section */
		08DB050229071F7400F212E2 /* Project object */ = {
			isa = PBXProject;
			attributes = {
				BuildIndependentTargetsInParallel = 1;
				LastSwiftUpdateCheck = 1410;
				LastUpgradeCheck = 1400;
				TargetAttributes = {
					087A468C2924337D00B5838A = {
						CreatedOnToolsVersion = 14.1;
						TestTargetID = 08DB050929071F7400F212E2;
					};
					087A46992924347B00B5838A = {
						CreatedOnToolsVersion = 14.1;
						TestTargetID = 08DB050929071F7400F212E2;
					};
					08DB050929071F7400F212E2 = {
						CreatedOnToolsVersion = 14.0.1;
					};
				};
			};
			buildConfigurationList = 08DB050529071F7400F212E2 /* Build configuration list for PBXProject "TextFields" */;
			compatibilityVersion = "Xcode 14.0";
			developmentRegion = en;
			hasScannedForEncodings = 0;
			knownRegions = (
				en,
				Base,
			);
			mainGroup = 08DB050129071F7400F212E2;
			productRefGroup = 08DB050B29071F7400F212E2 /* Products */;
			projectDirPath = "";
			projectRoot = "";
			targets = (
				08DB050929071F7400F212E2 /* TextFields */,
				087A468C2924337D00B5838A /* TextFieldsUnitTests */,
				087A46992924347B00B5838A /* TextFieldsUITests */,
			);
		};
/* End PBXProject section */

/* Begin PBXResourcesBuildPhase section */
		087A468B2924337D00B5838A /* Resources */ = {
			isa = PBXResourcesBuildPhase;
			buildActionMask = 2147483647;
			files = (
			);
			runOnlyForDeploymentPostprocessing = 0;
		};
		087A46982924347B00B5838A /* Resources */ = {
			isa = PBXResourcesBuildPhase;
			buildActionMask = 2147483647;
			files = (
			);
			runOnlyForDeploymentPostprocessing = 0;
		};
		08DB050829071F7400F212E2 /* Resources */ = {
			isa = PBXResourcesBuildPhase;
			buildActionMask = 2147483647;
			files = (
				08DB051A29071F7500F212E2 /* LaunchScreen.storyboard in Resources */,
				08DB051729071F7500F212E2 /* Assets.xcassets in Resources */,
			);
			runOnlyForDeploymentPostprocessing = 0;
		};
/* End PBXResourcesBuildPhase section */

/* Begin PBXSourcesBuildPhase section */
		087A46892924337D00B5838A /* Sources */ = {
			isa = PBXSourcesBuildPhase;
			buildActionMask = 2147483647;
			files = (
				087A46902924337D00B5838A /* TextFieldsUnitTests.swift in Sources */,
			);
			runOnlyForDeploymentPostprocessing = 0;
		};
		087A46962924347B00B5838A /* Sources */ = {
			isa = PBXSourcesBuildPhase;
			buildActionMask = 2147483647;
			files = (
				087A469D2924347B00B5838A /* TextFieldsUITests.swift in Sources */,
			);
			runOnlyForDeploymentPostprocessing = 0;
		};
		08DB050629071F7400F212E2 /* Sources */ = {
			isa = PBXSourcesBuildPhase;
			buildActionMask = 2147483647;
			files = (
				08AB5AFD290FFE8800F776FB /* SingleTextFieldViewController.swift in Sources */,
				08D8ABFE290F108600740499 /* NoDigitsView.swift in Sources */,
				08E8422A2907278600A09645 /* UIView.swift in Sources */,
				084E3D97291BBA5300EC243D /* TextInputViewController.swift in Sources */,
				08D8AC1F290FF30B00740499 /* TabBarController.swift in Sources */,
				08D8ABFC290F0E6300740499 /* AllTextFieldsViewController.swift in Sources */,
				08D8AC00290F10BA00740499 /* NoDigitsViewModel.swift in Sources */,
				08D8AC1B290FD4DE00740499 /* ValidationRulesViewModel.swift in Sources */,
				08D8AC19290FD4D600740499 /* ValidationRulesView.swift in Sources */,
				08D8AC0F290F2D1400740499 /* OnlyCharactersViewModel.swift in Sources */,
				08D8AC16290FCE6A00740499 /* LinkViewModel.swift in Sources */,
				08D8AC0A290F246000740499 /* InputLimitViewModel.swift in Sources */,
				08E8422C2907297C00A09645 /* TextFieldSectionView.swift in Sources */,
				08D8AC0D290F2D0B00740499 /* OnlyCharactersView.swift in Sources */,
				08D8AC08290F245400740499 /* InputLimitView.swift in Sources */,
				08DB050E29071F7400F212E2 /* AppDelegate.swift in Sources */,
				08D8AC14290FCE6300740499 /* LinkView.swift in Sources */,
				08E8422E2907329900A09645 /* PlaceholderTextField.swift in Sources */,
			);
			runOnlyForDeploymentPostprocessing = 0;
		};
/* End PBXSourcesBuildPhase section */

/* Begin PBXTargetDependency section */
		087A46922924337D00B5838A /* PBXTargetDependency */ = {
			isa = PBXTargetDependency;
			target = 08DB050929071F7400F212E2 /* TextFields */;
			targetProxy = 087A46912924337D00B5838A /* PBXContainerItemProxy */;
		};
		087A46A12924347B00B5838A /* PBXTargetDependency */ = {
			isa = PBXTargetDependency;
			target = 08DB050929071F7400F212E2 /* TextFields */;
			targetProxy = 087A46A02924347B00B5838A /* PBXContainerItemProxy */;
		};
/* End PBXTargetDependency section */

/* Begin PBXVariantGroup section */
		08DB051829071F7500F212E2 /* LaunchScreen.storyboard */ = {
			isa = PBXVariantGroup;
			children = (
				08DB051929071F7500F212E2 /* Base */,
			);
			name = LaunchScreen.storyboard;
			sourceTree = "<group>";
		};
/* End PBXVariantGroup section */

/* Begin XCBuildConfiguration section */
		087A46932924337D00B5838A /* Debug */ = {
			isa = XCBuildConfiguration;
			buildSettings = {
				BUNDLE_LOADER = "$(TEST_HOST)";
				CODE_SIGN_STYLE = Automatic;
				CURRENT_PROJECT_VERSION = 1;
				DEVELOPMENT_TEAM = 9PF2GLF6PD;
				GENERATE_INFOPLIST_FILE = YES;
				IPHONEOS_DEPLOYMENT_TARGET = 16.1;
				MARKETING_VERSION = 1.0;
				PRODUCT_BUNDLE_IDENTIFIER = com.Beavean.Anthony.TextFieldsUnitTests;
				PRODUCT_NAME = "$(TARGET_NAME)";
				SWIFT_EMIT_LOC_STRINGS = NO;
				SWIFT_VERSION = 5.0;
				TARGETED_DEVICE_FAMILY = "1,2";
				TEST_HOST = "$(BUILT_PRODUCTS_DIR)/TextFields.app/$(BUNDLE_EXECUTABLE_FOLDER_PATH)/TextFields";
			};
			name = Debug;
		};
		087A46942924337D00B5838A /* Release */ = {
			isa = XCBuildConfiguration;
			buildSettings = {
				BUNDLE_LOADER = "$(TEST_HOST)";
				CODE_SIGN_STYLE = Automatic;
				CURRENT_PROJECT_VERSION = 1;
				DEVELOPMENT_TEAM = 9PF2GLF6PD;
				GENERATE_INFOPLIST_FILE = YES;
				IPHONEOS_DEPLOYMENT_TARGET = 16.1;
				MARKETING_VERSION = 1.0;
				PRODUCT_BUNDLE_IDENTIFIER = com.Beavean.Anthony.TextFieldsUnitTests;
				PRODUCT_NAME = "$(TARGET_NAME)";
				SWIFT_EMIT_LOC_STRINGS = NO;
				SWIFT_VERSION = 5.0;
				TARGETED_DEVICE_FAMILY = "1,2";
				TEST_HOST = "$(BUILT_PRODUCTS_DIR)/TextFields.app/$(BUNDLE_EXECUTABLE_FOLDER_PATH)/TextFields";
			};
			name = Release;
		};
		087A46A32924347B00B5838A /* Debug */ = {
			isa = XCBuildConfiguration;
			buildSettings = {
				CODE_SIGN_STYLE = Automatic;
				CURRENT_PROJECT_VERSION = 1;
				DEVELOPMENT_TEAM = 9PF2GLF6PD;
				GENERATE_INFOPLIST_FILE = YES;
				IPHONEOS_DEPLOYMENT_TARGET = 16.1;
				MARKETING_VERSION = 1.0;
				PRODUCT_BUNDLE_IDENTIFIER = com.Beavean.Anthony.TextFieldsUITests;
				PRODUCT_NAME = "$(TARGET_NAME)";
				SWIFT_EMIT_LOC_STRINGS = NO;
				SWIFT_VERSION = 5.0;
				TARGETED_DEVICE_FAMILY = "1,2";
				TEST_TARGET_NAME = TextFields;
			};
			name = Debug;
		};
		087A46A42924347B00B5838A /* Release */ = {
			isa = XCBuildConfiguration;
			buildSettings = {
				CODE_SIGN_STYLE = Automatic;
				CURRENT_PROJECT_VERSION = 1;
				DEVELOPMENT_TEAM = 9PF2GLF6PD;
				GENERATE_INFOPLIST_FILE = YES;
				IPHONEOS_DEPLOYMENT_TARGET = 16.1;
				MARKETING_VERSION = 1.0;
				PRODUCT_BUNDLE_IDENTIFIER = com.Beavean.Anthony.TextFieldsUITests;
				PRODUCT_NAME = "$(TARGET_NAME)";
				SWIFT_EMIT_LOC_STRINGS = NO;
				SWIFT_VERSION = 5.0;
				TARGETED_DEVICE_FAMILY = "1,2";
				TEST_TARGET_NAME = TextFields;
			};
			name = Release;
		};
		08DB051C29071F7600F212E2 /* Debug */ = {
			isa = XCBuildConfiguration;
			buildSettings = {
				ALWAYS_SEARCH_USER_PATHS = NO;
				CLANG_ANALYZER_NONNULL = YES;
				CLANG_ANALYZER_NUMBER_OBJECT_CONVERSION = YES_AGGRESSIVE;
				CLANG_CXX_LANGUAGE_STANDARD = "gnu++20";
				CLANG_ENABLE_MODULES = YES;
				CLANG_ENABLE_OBJC_ARC = YES;
				CLANG_ENABLE_OBJC_WEAK = YES;
				CLANG_WARN_BLOCK_CAPTURE_AUTORELEASING = YES;
				CLANG_WARN_BOOL_CONVERSION = YES;
				CLANG_WARN_COMMA = YES;
				CLANG_WARN_CONSTANT_CONVERSION = YES;
				CLANG_WARN_DEPRECATED_OBJC_IMPLEMENTATIONS = YES;
				CLANG_WARN_DIRECT_OBJC_ISA_USAGE = YES_ERROR;
				CLANG_WARN_DOCUMENTATION_COMMENTS = YES;
				CLANG_WARN_EMPTY_BODY = YES;
				CLANG_WARN_ENUM_CONVERSION = YES;
				CLANG_WARN_INFINITE_RECURSION = YES;
				CLANG_WARN_INT_CONVERSION = YES;
				CLANG_WARN_NON_LITERAL_NULL_CONVERSION = YES;
				CLANG_WARN_OBJC_IMPLICIT_RETAIN_SELF = YES;
				CLANG_WARN_OBJC_LITERAL_CONVERSION = YES;
				CLANG_WARN_OBJC_ROOT_CLASS = YES_ERROR;
				CLANG_WARN_QUOTED_INCLUDE_IN_FRAMEWORK_HEADER = YES;
				CLANG_WARN_RANGE_LOOP_ANALYSIS = YES;
				CLANG_WARN_STRICT_PROTOTYPES = YES;
				CLANG_WARN_SUSPICIOUS_MOVE = YES;
				CLANG_WARN_UNGUARDED_AVAILABILITY = YES_AGGRESSIVE;
				CLANG_WARN_UNREACHABLE_CODE = YES;
				CLANG_WARN__DUPLICATE_METHOD_MATCH = YES;
				COPY_PHASE_STRIP = NO;
				DEBUG_INFORMATION_FORMAT = dwarf;
				ENABLE_STRICT_OBJC_MSGSEND = YES;
				ENABLE_TESTABILITY = YES;
				GCC_C_LANGUAGE_STANDARD = gnu11;
				GCC_DYNAMIC_NO_PIC = NO;
				GCC_NO_COMMON_BLOCKS = YES;
				GCC_OPTIMIZATION_LEVEL = 0;
				GCC_PREPROCESSOR_DEFINITIONS = (
					"DEBUG=1",
					"$(inherited)",
				);
				GCC_WARN_64_TO_32_BIT_CONVERSION = YES;
				GCC_WARN_ABOUT_RETURN_TYPE = YES_ERROR;
				GCC_WARN_UNDECLARED_SELECTOR = YES;
				GCC_WARN_UNINITIALIZED_AUTOS = YES_AGGRESSIVE;
				GCC_WARN_UNUSED_FUNCTION = YES;
				GCC_WARN_UNUSED_VARIABLE = YES;
				IPHONEOS_DEPLOYMENT_TARGET = 16.0;
				MTL_ENABLE_DEBUG_INFO = INCLUDE_SOURCE;
				MTL_FAST_MATH = YES;
				ONLY_ACTIVE_ARCH = YES;
				SDKROOT = iphoneos;
				SWIFT_ACTIVE_COMPILATION_CONDITIONS = DEBUG;
				SWIFT_OPTIMIZATION_LEVEL = "-Onone";
			};
			name = Debug;
		};
		08DB051D29071F7600F212E2 /* Release */ = {
			isa = XCBuildConfiguration;
			buildSettings = {
				ALWAYS_SEARCH_USER_PATHS = NO;
				CLANG_ANALYZER_NONNULL = YES;
				CLANG_ANALYZER_NUMBER_OBJECT_CONVERSION = YES_AGGRESSIVE;
				CLANG_CXX_LANGUAGE_STANDARD = "gnu++20";
				CLANG_ENABLE_MODULES = YES;
				CLANG_ENABLE_OBJC_ARC = YES;
				CLANG_ENABLE_OBJC_WEAK = YES;
				CLANG_WARN_BLOCK_CAPTURE_AUTORELEASING = YES;
				CLANG_WARN_BOOL_CONVERSION = YES;
				CLANG_WARN_COMMA = YES;
				CLANG_WARN_CONSTANT_CONVERSION = YES;
				CLANG_WARN_DEPRECATED_OBJC_IMPLEMENTATIONS = YES;
				CLANG_WARN_DIRECT_OBJC_ISA_USAGE = YES_ERROR;
				CLANG_WARN_DOCUMENTATION_COMMENTS = YES;
				CLANG_WARN_EMPTY_BODY = YES;
				CLANG_WARN_ENUM_CONVERSION = YES;
				CLANG_WARN_INFINITE_RECURSION = YES;
				CLANG_WARN_INT_CONVERSION = YES;
				CLANG_WARN_NON_LITERAL_NULL_CONVERSION = YES;
				CLANG_WARN_OBJC_IMPLICIT_RETAIN_SELF = YES;
				CLANG_WARN_OBJC_LITERAL_CONVERSION = YES;
				CLANG_WARN_OBJC_ROOT_CLASS = YES_ERROR;
				CLANG_WARN_QUOTED_INCLUDE_IN_FRAMEWORK_HEADER = YES;
				CLANG_WARN_RANGE_LOOP_ANALYSIS = YES;
				CLANG_WARN_STRICT_PROTOTYPES = YES;
				CLANG_WARN_SUSPICIOUS_MOVE = YES;
				CLANG_WARN_UNGUARDED_AVAILABILITY = YES_AGGRESSIVE;
				CLANG_WARN_UNREACHABLE_CODE = YES;
				CLANG_WARN__DUPLICATE_METHOD_MATCH = YES;
				COPY_PHASE_STRIP = NO;
				DEBUG_INFORMATION_FORMAT = "dwarf-with-dsym";
				ENABLE_NS_ASSERTIONS = NO;
				ENABLE_STRICT_OBJC_MSGSEND = YES;
				GCC_C_LANGUAGE_STANDARD = gnu11;
				GCC_NO_COMMON_BLOCKS = YES;
				GCC_WARN_64_TO_32_BIT_CONVERSION = YES;
				GCC_WARN_ABOUT_RETURN_TYPE = YES_ERROR;
				GCC_WARN_UNDECLARED_SELECTOR = YES;
				GCC_WARN_UNINITIALIZED_AUTOS = YES_AGGRESSIVE;
				GCC_WARN_UNUSED_FUNCTION = YES;
				GCC_WARN_UNUSED_VARIABLE = YES;
				IPHONEOS_DEPLOYMENT_TARGET = 16.0;
				MTL_ENABLE_DEBUG_INFO = NO;
				MTL_FAST_MATH = YES;
				SDKROOT = iphoneos;
				SWIFT_COMPILATION_MODE = wholemodule;
				SWIFT_OPTIMIZATION_LEVEL = "-O";
				VALIDATE_PRODUCT = YES;
			};
			name = Release;
		};
		08DB051F29071F7600F212E2 /* Debug */ = {
			isa = XCBuildConfiguration;
			buildSettings = {
				ASSETCATALOG_COMPILER_APPICON_NAME = AppIcon;
				ASSETCATALOG_COMPILER_GLOBAL_ACCENT_COLOR_NAME = AccentColor;
				CODE_SIGN_STYLE = Automatic;
				CURRENT_PROJECT_VERSION = 1;
				DEVELOPMENT_TEAM = 9PF2GLF6PD;
				GENERATE_INFOPLIST_FILE = YES;
				INFOPLIST_FILE = TextFields/Info.plist;
				INFOPLIST_KEY_UIApplicationSupportsIndirectInputEvents = YES;
				INFOPLIST_KEY_UILaunchStoryboardName = LaunchScreen;
				INFOPLIST_KEY_UISupportedInterfaceOrientations = "UIInterfaceOrientationPortrait UIInterfaceOrientationPortraitUpsideDown";
				IPHONEOS_DEPLOYMENT_TARGET = 15.0;
				LD_RUNPATH_SEARCH_PATHS = (
					"$(inherited)",
					"@executable_path/Frameworks",
				);
				MARKETING_VERSION = 1.0;
				PRODUCT_BUNDLE_IDENTIFIER = com.Beavean.Anthony.TextFields;
				PRODUCT_NAME = "$(TARGET_NAME)";
				SUPPORTED_PLATFORMS = "iphoneos iphonesimulator";
				SUPPORTS_MACCATALYST = NO;
				SUPPORTS_MAC_DESIGNED_FOR_IPHONE_IPAD = NO;
				SWIFT_EMIT_LOC_STRINGS = YES;
				SWIFT_VERSION = 5.0;
				TARGETED_DEVICE_FAMILY = 1;
			};
			name = Debug;
		};
		08DB052029071F7600F212E2 /* Release */ = {
			isa = XCBuildConfiguration;
			buildSettings = {
				ASSETCATALOG_COMPILER_APPICON_NAME = AppIcon;
				ASSETCATALOG_COMPILER_GLOBAL_ACCENT_COLOR_NAME = AccentColor;
				CODE_SIGN_STYLE = Automatic;
				CURRENT_PROJECT_VERSION = 1;
				DEVELOPMENT_TEAM = 9PF2GLF6PD;
				GENERATE_INFOPLIST_FILE = YES;
				INFOPLIST_FILE = TextFields/Info.plist;
				INFOPLIST_KEY_UIApplicationSupportsIndirectInputEvents = YES;
				INFOPLIST_KEY_UILaunchStoryboardName = LaunchScreen;
				INFOPLIST_KEY_UISupportedInterfaceOrientations = "UIInterfaceOrientationPortrait UIInterfaceOrientationPortraitUpsideDown";
				IPHONEOS_DEPLOYMENT_TARGET = 15.0;
				LD_RUNPATH_SEARCH_PATHS = (
					"$(inherited)",
					"@executable_path/Frameworks",
				);
				MARKETING_VERSION = 1.0;
				PRODUCT_BUNDLE_IDENTIFIER = com.Beavean.Anthony.TextFields;
				PRODUCT_NAME = "$(TARGET_NAME)";
				SUPPORTED_PLATFORMS = "iphoneos iphonesimulator";
				SUPPORTS_MACCATALYST = NO;
				SUPPORTS_MAC_DESIGNED_FOR_IPHONE_IPAD = NO;
				SWIFT_EMIT_LOC_STRINGS = YES;
				SWIFT_VERSION = 5.0;
				TARGETED_DEVICE_FAMILY = 1;
			};
			name = Release;
		};
/* End XCBuildConfiguration section */

/* Begin XCConfigurationList section */
		087A46952924337D00B5838A /* Build configuration list for PBXNativeTarget "TextFieldsUnitTests" */ = {
			isa = XCConfigurationList;
			buildConfigurations = (
				087A46932924337D00B5838A /* Debug */,
				087A46942924337D00B5838A /* Release */,
			);
			defaultConfigurationIsVisible = 0;
			defaultConfigurationName = Release;
		};
		087A46A22924347B00B5838A /* Build configuration list for PBXNativeTarget "TextFieldsUITests" */ = {
			isa = XCConfigurationList;
			buildConfigurations = (
				087A46A32924347B00B5838A /* Debug */,
				087A46A42924347B00B5838A /* Release */,
			);
			defaultConfigurationIsVisible = 0;
			defaultConfigurationName = Release;
		};
		08DB050529071F7400F212E2 /* Build configuration list for PBXProject "TextFields" */ = {
			isa = XCConfigurationList;
			buildConfigurations = (
				08DB051C29071F7600F212E2 /* Debug */,
				08DB051D29071F7600F212E2 /* Release */,
			);
			defaultConfigurationIsVisible = 0;
			defaultConfigurationName = Release;
		};
		08DB051E29071F7600F212E2 /* Build configuration list for PBXNativeTarget "TextFields" */ = {
			isa = XCConfigurationList;
			buildConfigurations = (
				08DB051F29071F7600F212E2 /* Debug */,
				08DB052029071F7600F212E2 /* Release */,
			);
			defaultConfigurationIsVisible = 0;
			defaultConfigurationName = Release;
		};
/* End XCConfigurationList section */
	};
	rootObject = 08DB050229071F7400F212E2 /* Project object */;
}
